
Microsoft Visual Studio Solution File, Format Version 12.00
# Visual Studio Version 17
VisualStudioVersion = 17.9.34902.65
MinimumVisualStudioVersion = 10.0.40219.1
Project("{FAE04EC0-301F-11D3-BF4B-00C04F79EFBC}") = "Xlfdll.Core", "Xlfdll.Core\Xlfdll.Core.csproj", "{B82EB204-2388-4BCF-B138-EF627FD1F775}"
EndProject
Project("{FAE04EC0-301F-11D3-BF4B-00C04F79EFBC}") = "Xlfdll.Windows", "Xlfdll.Windows\Xlfdll.Windows.csproj", "{60089995-5415-40A2-BFCC-4543FB1F443C}"
EndProject
Project("{FAE04EC0-301F-11D3-BF4B-00C04F79EFBC}") = "Xlfdll.Windows.Presentation", "Xlfdll.Windows.Presentation\Xlfdll.Windows.Presentation.csproj", "{DD16DBAA-BADA-45B5-B2A9-20564804F3A9}"
EndProject
Project("{FAE04EC0-301F-11D3-BF4B-00C04F79EFBC}") = "Xlfdll.Windows.Forms", "Xlfdll.Windows.Forms\Xlfdll.Windows.Forms.csproj", "{45BF6FB2-6AC7-4F05-94B9-FD4CC21F2548}"
EndProject
Project("{FAE04EC0-301F-11D3-BF4B-00C04F79EFBC}") = "Xlfdll.Data.Access", "Xlfdll.Data.Access\Xlfdll.Data.Access.csproj", "{45D5FF47-C644-4449-83FA-9D25DD66D9A9}"
EndProject
Project("{FAE04EC0-301F-11D3-BF4B-00C04F79EFBC}") = "Xlfdll.Data.MySQL", "Xlfdll.Data.MySQL\Xlfdll.Data.MySQL.csproj", "{09586C8D-5DA8-4F81-8A8E-DDB1C72E0818}"
EndProject
Project("{FAE04EC0-301F-11D3-BF4B-00C04F79EFBC}") = "Xlfdll.Data.SQLite", "Xlfdll.Data.SQLite\Xlfdll.Data.SQLite.csproj", "{379F4D7E-F0B3-46A7-8C59-6717276157D4}"
EndProject
Project("{FAE04EC0-301F-11D3-BF4B-00C04F79EFBC}") = "Xlfdll.Network.SecureShell", "Xlfdll.Network.SecureShell\Xlfdll.Network.SecureShell.csproj", "{F759EB3D-DA5B-43D0-A081-F472C607EC0A}"
EndProject
Global
	GlobalSection(SolutionConfigurationPlatforms) = preSolution
		Debug|Any CPU = Debug|Any CPU
		Release|Any CPU = Release|Any CPU
	EndGlobalSection
	GlobalSection(ProjectConfigurationPlatforms) = postSolution
		{B82EB204-2388-4BCF-B138-EF627FD1F775}.Debug|Any CPU.ActiveCfg = Debug|Any CPU
		{B82EB204-2388-4BCF-B138-EF627FD1F775}.Debug|Any CPU.Build.0 = Debug|Any CPU
		{B82EB204-2388-4BCF-B138-EF627FD1F775}.Release|Any CPU.ActiveCfg = Release|Any CPU
		{B82EB204-2388-4BCF-B138-EF627FD1F775}.Release|Any CPU.Build.0 = Release|Any CPU
		{60089995-5415-40A2-BFCC-4543FB1F443C}.Debug|Any CPU.ActiveCfg = Debug|Any CPU
		{60089995-5415-40A2-BFCC-4543FB1F443C}.Debug|Any CPU.Build.0 = Debug|Any CPU
		{60089995-5415-40A2-BFCC-4543FB1F443C}.Release|Any CPU.ActiveCfg = Release|Any CPU
		{60089995-5415-40A2-BFCC-4543FB1F443C}.Release|Any CPU.Build.0 = Release|Any CPU
		{DD16DBAA-BADA-45B5-B2A9-20564804F3A9}.Debug|Any CPU.ActiveCfg = Debug|Any CPU
		{DD16DBAA-BADA-45B5-B2A9-20564804F3A9}.Debug|Any CPU.Build.0 = Debug|Any CPU
		{DD16DBAA-BADA-45B5-B2A9-20564804F3A9}.Release|Any CPU.ActiveCfg = Release|Any CPU
		{DD16DBAA-BADA-45B5-B2A9-20564804F3A9}.Release|Any CPU.Build.0 = Release|Any CPU
		{45BF6FB2-6AC7-4F05-94B9-FD4CC21F2548}.Debug|Any CPU.ActiveCfg = Debug|Any CPU
		{45BF6FB2-6AC7-4F05-94B9-FD4CC21F2548}.Debug|Any CPU.Build.0 = Debug|Any CPU
		{45BF6FB2-6AC7-4F05-94B9-FD4CC21F2548}.Release|Any CPU.ActiveCfg = Release|Any CPU
		{45BF6FB2-6AC7-4F05-94B9-FD4CC21F2548}.Release|Any CPU.Build.0 = Release|Any CPU
		{45D5FF47-C644-4449-83FA-9D25DD66D9A9}.Debug|Any CPU.ActiveCfg = Debug|Any CPU
		{45D5FF47-C644-4449-83FA-9D25DD66D9A9}.Debug|Any CPU.Build.0 = Debug|Any CPU
		{45D5FF47-C644-4449-83FA-9D25DD66D9A9}.Release|Any CPU.ActiveCfg = Release|Any CPU
		{45D5FF47-C644-4449-83FA-9D25DD66D9A9}.Release|Any CPU.Build.0 = Release|Any CPU
		{09586C8D-5DA8-4F81-8A8E-DDB1C72E0818}.Debug|Any CPU.ActiveCfg = Debug|Any CPU
		{09586C8D-5DA8-4F81-8A8E-DDB1C72E0818}.Debug|Any CPU.Build.0 = Debug|Any CPU
		{09586C8D-5DA8-4F81-8A8E-DDB1C72E0818}.Release|Any CPU.ActiveCfg = Release|Any CPU
		{09586C8D-5DA8-4F81-8A8E-DDB1C72E0818}.Release|Any CPU.Build.0 = Release|Any CPU
		{379F4D7E-F0B3-46A7-8C59-6717276157D4}.Debug|Any CPU.ActiveCfg = Debug|Any CPU
		{379F4D7E-F0B3-46A7-8C59-6717276157D4}.Debug|Any CPU.Build.0 = Debug|Any CPU
		{379F4D7E-F0B3-46A7-8C59-6717276157D4}.Release|Any CPU.ActiveCfg = Release|Any CPU
		{379F4D7E-F0B3-46A7-8C59-6717276157D4}.Release|Any CPU.Build.0 = Release|Any CPU
		{F759EB3D-DA5B-43D0-A081-F472C607EC0A}.Debug|Any CPU.ActiveCfg = Debug|Any CPU
		{F759EB3D-DA5B-43D0-A081-F472C607EC0A}.Debug|Any CPU.Build.0 = Debug|Any CPU
		{F759EB3D-DA5B-43D0-A081-F472C607EC0A}.Release|Any CPU.ActiveCfg = Release|Any CPU
		{F759EB3D-DA5B-43D0-A081-F472C607EC0A}.Release|Any CPU.Build.0 = Release|Any CPU
	EndGlobalSection
	GlobalSection(SolutionProperties) = preSolution
		HideSolutionNode = FALSE
	EndGlobalSection
	GlobalSection(ExtensibilityGlobals) = postSolution
		SolutionGuid = {BC58D5EE-EE39-4A0E-8658-D8D787CB13B4}
	EndGlobalSection
EndGlobal
